<?xml version="1.0" encoding="utf-8"?>
<Project ToolsVersion="4.0" xmlns="http://schemas.microsoft.com/developer/msbuild/2003">
  <ItemGroup>
    <Filter Include="소스 파일">
      <UniqueIdentifier>{4FC737F1-C7A5-4376-A066-2A32D752A2FF}</UniqueIdentifier>
      <Extensions>cpp;c;cc;cxx;c++;cppm;ixx;def;odl;idl;hpj;bat;asm;asmx</Extensions>
    </Filter>
    <Filter Include="헤더 파일">
      <UniqueIdentifier>{93995380-89BD-4b04-88EB-625FBE52EBFB}</UniqueIdentifier>
      <Extensions>h;hh;hpp;hxx;h++;hm;inl;inc;ipp;xsd</Extensions>
    </Filter>
    <Filter Include="리소스 파일">
      <UniqueIdentifier>{67DA6AB6-F800-4c08-8B7A-83BB121AAD01}</UniqueIdentifier>
      <Extensions>rc;ico;cur;bmp;dlg;rc2;rct;bin;rgs;gif;jpg;jpeg;jpe;resx;tiff;tif;png;wav;mfcribbon-ms</Extensions>
    </Filter>
  </ItemGroup>
  <ItemGroup>
    <ClCompile Include="자물쇠.cpp">
      <Filter>리소스 파일</Filter>
    </ClCompile>
    <ClCompile Include="1259_팰린드롬수.cpp">
      <Filter>리소스 파일</Filter>
    </ClCompile>
    <ClCompile Include="2775_부녀회장이될테야.cpp">
      <Filter>리소스 파일</Filter>
    </ClCompile>
    <ClCompile Include="2805_나무자르기.cpp">
      <Filter>리소스 파일</Filter>
    </ClCompile>
    <ClCompile Include="10773_제로.cpp">
      <Filter>리소스 파일</Filter>
    </ClCompile>
    <ClCompile Include="10814_나이순정렬.cpp">
      <Filter>리소스 파일</Filter>
    </ClCompile>
    <ClCompile Include="11050_이항계수.cpp">
      <Filter>리소스 파일</Filter>
    </ClCompile>
    <ClCompile Include="11866_요세푸스 문제0.cpp">
      <Filter>리소스 파일</Filter>
    </ClCompile>
    <ClCompile Include="11286_절대힙.cpp">
      <Filter>리소스 파일</Filter>
    </ClCompile>
    <ClCompile Include="6549_히스토그램.cpp">
      <Filter>리소스 파일</Filter>
    </ClCompile>
    <ClCompile Include="2170_선긋기.cpp">
      <Filter>리소스 파일</Filter>
    </ClCompile>
    <ClCompile Include="2193_이친수.cpp">
      <Filter>소스 파일</Filter>
    </ClCompile>
    <ClCompile Include="스티커.cpp">
      <Filter>리소스 파일</Filter>
    </ClCompile>
    <ClCompile Include="1786.cpp">
      <Filter>리소스 파일</Filter>
    </ClCompile>
    <ClCompile Include="merge sort.cpp">
      <Filter>리소스 파일</Filter>
    </ClCompile>
    <ClCompile Include="1,2,3 더하기.cpp">
      <Filter>리소스 파일</Filter>
    </ClCompile>
    <ClCompile Include="heap_sort.cpp">
      <Filter>리소스 파일</Filter>
    </ClCompile>
    <ClCompile Include="하노이탑 이동순서.cpp">
      <Filter>리소스 파일</Filter>
    </ClCompile>
    <ClCompile Include="9934_완전이진트리.cpp">
      <Filter>리소스 파일</Filter>
    </ClCompile>
    <ClCompile Include="10093_숫자.cpp">
      <Filter>리소스 파일</Filter>
    </ClCompile>
    <ClCompile Include="15988_카카오머니%28미해결%29.cpp">
      <Filter>리소스 파일</Filter>
    </ClCompile>
    <ClCompile Include="1149_RGB거리.cpp">
      <Filter>리소스 파일</Filter>
    </ClCompile>
    <ClCompile Include="17404_RGB거리2.cpp">
      <Filter>리소스 파일</Filter>
    </ClCompile>
    <ClCompile Include="끝말잇기.cpp">
      <Filter>리소스 파일</Filter>
    </ClCompile>
    <ClCompile Include="10775_공항.cpp">
      <Filter>리소스 파일</Filter>
    </ClCompile>
    <ClCompile Include="1697_숨바꼭질.cpp">
      <Filter>리소스 파일</Filter>
    </ClCompile>
    <ClCompile Include="4936_섬의개수.cpp">
      <Filter>리소스 파일</Filter>
    </ClCompile>
    <ClCompile Include="9251_LCS.cpp">
      <Filter>리소스 파일</Filter>
    </ClCompile>
    <ClCompile Include="2156_포도주 시식.cpp">
      <Filter>리소스 파일</Filter>
    </ClCompile>
    <ClCompile Include="1707_이분그래프.cpp">
      <Filter>리소스 파일</Filter>
    </ClCompile>
    <ClCompile Include="1208_부분수열의 합.cpp">
      <Filter>리소스 파일</Filter>
    </ClCompile>
    <ClCompile Include="1012_유기농 배추.cpp">
      <Filter>리소스 파일</Filter>
    </ClCompile>
    <ClCompile Include="1074_Z.cpp">
      <Filter>리소스 파일</Filter>
    </ClCompile>
    <ClCompile Include="1541_잃어버린 괄호 .cpp">
      <Filter>리소스 파일</Filter>
    </ClCompile>
    <ClCompile Include="5525_IOIOI.cpp">
      <Filter>리소스 파일</Filter>
    </ClCompile>
    <ClCompile Include="7662_이중우선순위큐.cpp">
      <Filter>리소스 파일</Filter>
    </ClCompile>
    <ClCompile Include="9461_파도반 수열.cpp">
      <Filter>리소스 파일</Filter>
    </ClCompile>
    <ClCompile Include="11047_동전.cpp">
      <Filter>리소스 파일</Filter>
    </ClCompile>
    <ClCompile Include="11399_ATM.cpp">
      <Filter>리소스 파일</Filter>
    </ClCompile>
    <ClCompile Include="11723_집합.cpp">
      <Filter>리소스 파일</Filter>
    </ClCompile>
    <ClCompile Include="11724_연결 요소의 개수.cpp">
      <Filter>리소스 파일</Filter>
    </ClCompile>
    <ClCompile Include="17626_four squares%28다시풀기%29.cpp">
      <Filter>리소스 파일</Filter>
    </ClCompile>
    <ClCompile Include="9019_DSLR.cpp">
      <Filter>리소스 파일</Filter>
    </ClCompile>
    <ClCompile Include="1106_호텔%28미해결%29.cpp">
      <Filter>리소스 파일</Filter>
    </ClCompile>
    <ClCompile Include="6064_카잉달력.cpp">
      <Filter>리소스 파일</Filter>
    </ClCompile>
    <ClCompile Include="1043_거짓말.cpp">
      <Filter>리소스 파일</Filter>
    </ClCompile>
    <ClCompile Include="1238_파티.cpp">
      <Filter>리소스 파일</Filter>
    </ClCompile>
    <ClCompile Include="1629_곱셈%28다시풀기%29.cpp">
      <Filter>리소스 파일</Filter>
    </ClCompile>
    <ClCompile Include="1254_팰린드롬 만들기.cpp">
      <Filter>리소스 파일</Filter>
    </ClCompile>
    <ClCompile Include="1865_웜홀.cpp">
      <Filter>리소스 파일</Filter>
    </ClCompile>
    <ClCompile Include="1991_트리순회.cpp">
      <Filter>리소스 파일</Filter>
    </ClCompile>
    <ClCompile Include="2096_내려가기%28다시풀기%29.cpp">
      <Filter>리소스 파일</Filter>
    </ClCompile>
    <ClCompile Include="a.cpp">
      <Filter>리소스 파일</Filter>
    </ClCompile>
    <ClCompile Include="b.cpp">
      <Filter>리소스 파일</Filter>
    </ClCompile>
    <ClCompile Include="c.cpp">
      <Filter>리소스 파일</Filter>
    </ClCompile>
    <ClCompile Include="d.cpp">
      <Filter>리소스 파일</Filter>
    </ClCompile>
    <ClCompile Include="14002.cpp">
      <Filter>리소스 파일</Filter>
    </ClCompile>
    <ClCompile Include="17471_게리맨더링.cpp">
      <Filter>리소스 파일</Filter>
    </ClCompile>
    <ClCompile Include="hadaecheol.cpp">
      <Filter>리소스 파일</Filter>
    </ClCompile>
    <ClCompile Include="bronze.cpp">
      <Filter>리소스 파일</Filter>
    </ClCompile>
  </ItemGroup>
</Project>